// !$*UTF8*$!
{
	archiveVersion = 1;
	classes = {
	};
	objectVersion = 56;
	objects = {

/* Begin PBXBuildFile section */
		EE18EA4029E54DDB00F4E560 /* DetailView.swift in Sources */ = {isa = PBXBuildFile; fileRef = EE18EA3F29E54DDB00F4E560 /* DetailView.swift */; };
		EE1D3D6229E9340E00F34820 /* DetailEditView.swift in Sources */ = {isa = PBXBuildFile; fileRef = EE1D3D6129E9340E00F34820 /* DetailEditView.swift */; };
		EE26610D29E41D8A008731A2 /* FightsView.swift in Sources */ = {isa = PBXBuildFile; fileRef = EE26610C29E41D8A008731A2 /* FightsView.swift */; };
		EE5BB8BC29DEBC09007021FD /* AGuRatKuNaApp.swift in Sources */ = {isa = PBXBuildFile; fileRef = EE5BB8BB29DEBC09007021FD /* AGuRatKuNaApp.swift */; };
		EE5BB8C029DEBC0A007021FD /* Assets.xcassets in Resources */ = {isa = PBXBuildFile; fileRef = EE5BB8BF29DEBC0A007021FD /* Assets.xcassets */; };
		EE5BB8C329DEBC0A007021FD /* Preview Assets.xcassets in Resources */ = {isa = PBXBuildFile; fileRef = EE5BB8C229DEBC0A007021FD /* Preview Assets.xcassets */; };
		EE5BB8CA29DEC1BA007021FD /* DailyFight.swift in Sources */ = {isa = PBXBuildFile; fileRef = EE5BB8C929DEC1BA007021FD /* DailyFight.swift */; };
		EE5BB8CC29DEC341007021FD /* Theme.swift in Sources */ = {isa = PBXBuildFile; fileRef = EE5BB8CB29DEC340007021FD /* Theme.swift */; };
		EE77668529F3EC6B00FFEB68 /* FightingView.swift in Sources */ = {isa = PBXBuildFile; fileRef = EE77668429F3EC6B00FFEB68 /* FightingView.swift */; };
		EE77668729F3EC7200FFEB68 /* FightingHeaderView.swift in Sources */ = {isa = PBXBuildFile; fileRef = EE77668629F3EC7200FFEB68 /* FightingHeaderView.swift */; };
		EE77668929F3EC8200FFEB68 /* FightingContentsView.swift in Sources */ = {isa = PBXBuildFile; fileRef = EE77668829F3EC8200FFEB68 /* FightingContentsView.swift */; };
		EE77668B29F3EC8A00FFEB68 /* FightingFooterView.swift in Sources */ = {isa = PBXBuildFile; fileRef = EE77668A29F3EC8A00FFEB68 /* FightingFooterView.swift */; };
		EE7CDF9329DFB14300C24F1F /* CardView.swift in Sources */ = {isa = PBXBuildFile; fileRef = EE7CDF9229DFB14300C24F1F /* CardView.swift */; };
		EE7CDF9529DFB76C00C24F1F /* TrailingIconLabelStyle.swift in Sources */ = {isa = PBXBuildFile; fileRef = EE7CDF9429DFB76C00C24F1F /* TrailingIconLabelStyle.swift */; };
/* End PBXBuildFile section */

/* Begin PBXFileReference section */
		EE18EA3F29E54DDB00F4E560 /* DetailView.swift */ = {isa = PBXFileReference; lastKnownFileType = sourcecode.swift; path = DetailView.swift; sourceTree = "<group>"; };
		EE1D3D6129E9340E00F34820 /* DetailEditView.swift */ = {isa = PBXFileReference; lastKnownFileType = sourcecode.swift; path = DetailEditView.swift; sourceTree = "<group>"; };
		EE26610C29E41D8A008731A2 /* FightsView.swift */ = {isa = PBXFileReference; lastKnownFileType = sourcecode.swift; path = FightsView.swift; sourceTree = "<group>"; };
		EE5BB8B829DEBC09007021FD /* AGuRatKuNa.app */ = {isa = PBXFileReference; explicitFileType = wrapper.application; includeInIndex = 0; path = AGuRatKuNa.app; sourceTree = BUILT_PRODUCTS_DIR; };
		EE5BB8BB29DEBC09007021FD /* AGuRatKuNaApp.swift */ = {isa = PBXFileReference; lastKnownFileType = sourcecode.swift; path = AGuRatKuNaApp.swift; sourceTree = "<group>"; };
		EE5BB8BF29DEBC0A007021FD /* Assets.xcassets */ = {isa = PBXFileReference; lastKnownFileType = folder.assetcatalog; path = Assets.xcassets; sourceTree = "<group>"; };
		EE5BB8C229DEBC0A007021FD /* Preview Assets.xcassets */ = {isa = PBXFileReference; lastKnownFileType = folder.assetcatalog; path = "Preview Assets.xcassets"; sourceTree = "<group>"; };
		EE5BB8C929DEC1BA007021FD /* DailyFight.swift */ = {isa = PBXFileReference; lastKnownFileType = sourcecode.swift; path = DailyFight.swift; sourceTree = "<group>"; };
		EE5BB8CB29DEC340007021FD /* Theme.swift */ = {isa = PBXFileReference; lastKnownFileType = sourcecode.swift; path = Theme.swift; sourceTree = "<group>"; };
		EE77668429F3EC6B00FFEB68 /* FightingView.swift */ = {isa = PBXFileReference; lastKnownFileType = sourcecode.swift; path = FightingView.swift; sourceTree = "<group>"; };
		EE77668629F3EC7200FFEB68 /* FightingHeaderView.swift */ = {isa = PBXFileReference; lastKnownFileType = sourcecode.swift; path = FightingHeaderView.swift; sourceTree = "<group>"; };
		EE77668829F3EC8200FFEB68 /* FightingContentsView.swift */ = {isa = PBXFileReference; lastKnownFileType = sourcecode.swift; path = FightingContentsView.swift; sourceTree = "<group>"; };
		EE77668A29F3EC8A00FFEB68 /* FightingFooterView.swift */ = {isa = PBXFileReference; lastKnownFileType = sourcecode.swift; path = FightingFooterView.swift; sourceTree = "<group>"; };
		EE7CDF9229DFB14300C24F1F /* CardView.swift */ = {isa = PBXFileReference; lastKnownFileType = sourcecode.swift; path = CardView.swift; sourceTree = "<group>"; };
		EE7CDF9429DFB76C00C24F1F /* TrailingIconLabelStyle.swift */ = {isa = PBXFileReference; lastKnownFileType = sourcecode.swift; path = TrailingIconLabelStyle.swift; sourceTree = "<group>"; };
/* End PBXFileReference section */

/* Begin PBXFrameworksBuildPhase section */
		EE5BB8B529DEBC09007021FD /* Frameworks */ = {
			isa = PBXFrameworksBuildPhase;
			buildActionMask = 2147483647;
			files = (
			);
			runOnlyForDeploymentPostprocessing = 0;
		};
/* End PBXFrameworksBuildPhase section */

/* Begin PBXGroup section */
		EE5BB8AF29DEBC09007021FD = {
			isa = PBXGroup;
			children = (
				EE5BB8BA29DEBC09007021FD /* AGuRatKuNa */,
				EE5BB8B929DEBC09007021FD /* Products */,
			);
			sourceTree = "<group>";
		};
		EE5BB8B929DEBC09007021FD /* Products */ = {
			isa = PBXGroup;
			children = (
				EE5BB8B829DEBC09007021FD /* AGuRatKuNa.app */,
			);
			name = Products;
			sourceTree = "<group>";
		};
		EE5BB8BA29DEBC09007021FD /* AGuRatKuNa */ = {
			isa = PBXGroup;
			children = (
				EE5BB8BB29DEBC09007021FD /* AGuRatKuNaApp.swift */,
				EE77668C29F3ECEE00FFEB68 /* Data */,
				EE77668D29F3ED0D00FFEB68 /* FightsView */,
				EE77668F29F3ED7200FFEB68 /* DetailView */,
				EE77669029F3ED7900FFEB68 /* DetailEditView */,
				EE77668E29F3ED1D00FFEB68 /* FightingView */,
				EE5BB8BF29DEBC0A007021FD /* Assets.xcassets */,
				EE5BB8C129DEBC0A007021FD /* Preview Content */,
			);
			path = AGuRatKuNa;
			sourceTree = "<group>";
		};
		EE5BB8C129DEBC0A007021FD /* Preview Content */ = {
			isa = PBXGroup;
			children = (
				EE5BB8C229DEBC0A007021FD /* Preview Assets.xcassets */,
			);
			path = "Preview Content";
			sourceTree = "<group>";
		};
		EE77668C29F3ECEE00FFEB68 /* Data */ = {
			isa = PBXGroup;
			children = (
				EE5BB8C929DEC1BA007021FD /* DailyFight.swift */,
				EE5BB8CB29DEC340007021FD /* Theme.swift */,
				EE7CDF9429DFB76C00C24F1F /* TrailingIconLabelStyle.swift */,
			);
			path = Data;
			sourceTree = "<group>";
		};
		EE77668D29F3ED0D00FFEB68 /* FightsView */ = {
			isa = PBXGroup;
			children = (
				EE26610C29E41D8A008731A2 /* FightsView.swift */,
				EE7CDF9229DFB14300C24F1F /* CardView.swift */,
			);
			path = FightsView;
			sourceTree = "<group>";
		};
		EE77668E29F3ED1D00FFEB68 /* FightingView */ = {
			isa = PBXGroup;
			children = (
				EE77668429F3EC6B00FFEB68 /* FightingView.swift */,
				EE77668629F3EC7200FFEB68 /* FightingHeaderView.swift */,
				EE77668829F3EC8200FFEB68 /* FightingContentsView.swift */,
				EE77668A29F3EC8A00FFEB68 /* FightingFooterView.swift */,
			);
			path = FightingView;
			sourceTree = "<group>";
		};
		EE77668F29F3ED7200FFEB68 /* DetailView */ = {
			isa = PBXGroup;
			children = (
				EE18EA3F29E54DDB00F4E560 /* DetailView.swift */,
			);
			path = DetailView;
			sourceTree = "<group>";
		};
		EE77669029F3ED7900FFEB68 /* DetailEditView */ = {
			isa = PBXGroup;
			children = (
				EE1D3D6129E9340E00F34820 /* DetailEditView.swift */,
			);
			path = DetailEditView;
			sourceTree = "<group>";
		};
/* End PBXGroup section */

/* Begin PBXNativeTarget section */
		EE5BB8B729DEBC09007021FD /* AGuRatKuNa */ = {
			isa = PBXNativeTarget;
			buildConfigurationList = EE5BB8C629DEBC0A007021FD /* Build configuration list for PBXNativeTarget "AGuRatKuNa" */;
			buildPhases = (
				EE5BB8B429DEBC09007021FD /* Sources */,
				EE5BB8B529DEBC09007021FD /* Frameworks */,
				EE5BB8B629DEBC09007021FD /* Resources */,
			);
			buildRules = (
			);
			dependencies = (
			);
			name = AGuRatKuNa;
			productName = AGuRatKuNa;
			productReference = EE5BB8B829DEBC09007021FD /* AGuRatKuNa.app */;
			productType = "com.apple.product-type.application";
		};
/* End PBXNativeTarget section */

/* Begin PBXProject section */
		EE5BB8B029DEBC09007021FD /* Project object */ = {
			isa = PBXProject;
			attributes = {
				BuildIndependentTargetsInParallel = 1;
				LastSwiftUpdateCheck = 1420;
				LastUpgradeCheck = 1420;
				TargetAttributes = {
					EE5BB8B729DEBC09007021FD = {
						CreatedOnToolsVersion = 14.2;
					};
				};
			};
			buildConfigurationList = EE5BB8B329DEBC09007021FD /* Build configuration list for PBXProject "AGuRatKuNa" */;
			compatibilityVersion = "Xcode 14.0";
			developmentRegion = en;
			hasScannedForEncodings = 0;
			knownRegions = (
				en,
				Base,
			);
			mainGroup = EE5BB8AF29DEBC09007021FD;
			productRefGroup = EE5BB8B929DEBC09007021FD /* Products */;
			projectDirPath = "";
			projectRoot = "";
			targets = (
				EE5BB8B729DEBC09007021FD /* AGuRatKuNa */,
			);
		};
/* End PBXProject section */

/* Begin PBXResourcesBuildPhase section */
		EE5BB8B629DEBC09007021FD /* Resources */ = {
			isa = PBXResourcesBuildPhase;
			buildActionMask = 2147483647;
			files = (
				EE5BB8C329DEBC0A007021FD /* Preview Assets.xcassets in Resources */,
				EE5BB8C029DEBC0A007021FD /* Assets.xcassets in Resources */,
			);
			runOnlyForDeploymentPostprocessing = 0;
		};
/* End PBXResourcesBuildPhase section */

/* Begin PBXSourcesBuildPhase section */
		EE5BB8B429DEBC09007021FD /* Sources */ = {
			isa = PBXSourcesBuildPhase;
			buildActionMask = 2147483647;
			files = (
				EE18EA4029E54DDB00F4E560 /* DetailView.swift in Sources */,
				EE77668529F3EC6B00FFEB68 /* FightingView.swift in Sources */,
				EE1D3D6229E9340E00F34820 /* DetailEditView.swift in Sources */,
				EE5BB8CC29DEC341007021FD /* Theme.swift in Sources */,
				EE26610D29E41D8A008731A2 /* FightsView.swift in Sources */,
				EE77668929F3EC8200FFEB68 /* FightingContentsView.swift in Sources */,
				EE77668729F3EC7200FFEB68 /* FightingHeaderView.swift in Sources */,
				EE5BB8CA29DEC1BA007021FD /* DailyFight.swift in Sources */,
				EE5BB8BC29DEBC09007021FD /* AGuRatKuNaApp.swift in Sources */,
				EE7CDF9529DFB76C00C24F1F /* TrailingIconLabelStyle.swift in Sources */,
				EE7CDF9329DFB14300C24F1F /* CardView.swift in Sources */,
				EE77668B29F3EC8A00FFEB68 /* FightingFooterView.swift in Sources */,
			);
			runOnlyForDeploymentPostprocessing = 0;
		};
/* End PBXSourcesBuildPhase section */

/* Begin XCBuildConfiguration section */
		EE5BB8C429DEBC0A007021FD /* Debug */ = {
			isa = XCBuildConfiguration;
			buildSettings = {
				ALWAYS_SEARCH_USER_PATHS = NO;
				CLANG_ANALYZER_NONNULL = YES;
				CLANG_ANALYZER_NUMBER_OBJECT_CONVERSION = YES_AGGRESSIVE;
				CLANG_CXX_LANGUAGE_STANDARD = "gnu++20";
				CLANG_ENABLE_MODULES = YES;
				CLANG_ENABLE_OBJC_ARC = YES;
				CLANG_ENABLE_OBJC_WEAK = YES;
				CLANG_WARN_BLOCK_CAPTURE_AUTORELEASING = YES;
				CLANG_WARN_BOOL_CONVERSION = YES;
				CLANG_WARN_COMMA = YES;
				CLANG_WARN_CONSTANT_CONVERSION = YES;
				CLANG_WARN_DEPRECATED_OBJC_IMPLEMENTATIONS = YES;
				CLANG_WARN_DIRECT_OBJC_ISA_USAGE = YES_ERROR;
				CLANG_WARN_DOCUMENTATION_COMMENTS = YES;
				CLANG_WARN_EMPTY_BODY = YES;
				CLANG_WARN_ENUM_CONVERSION = YES;
				CLANG_WARN_INFINITE_RECURSION = YES;
				CLANG_WARN_INT_CONVERSION = YES;
				CLANG_WARN_NON_LITERAL_NULL_CONVERSION = YES;
				CLANG_WARN_OBJC_IMPLICIT_RETAIN_SELF = YES;
				CLANG_WARN_OBJC_LITERAL_CONVERSION = YES;
				CLANG_WARN_OBJC_ROOT_CLASS = YES_ERROR;
				CLANG_WARN_QUOTED_INCLUDE_IN_FRAMEWORK_HEADER = YES;
				CLANG_WARN_RANGE_LOOP_ANALYSIS = YES;
				CLANG_WARN_STRICT_PROTOTYPES = YES;
				CLANG_WARN_SUSPICIOUS_MOVE = YES;
				CLANG_WARN_UNGUARDED_AVAILABILITY = YES_AGGRESSIVE;
				CLANG_WARN_UNREACHABLE_CODE = YES;
				CLANG_WARN__DUPLICATE_METHOD_MATCH = YES;
				COPY_PHASE_STRIP = NO;
				DEBUG_INFORMATION_FORMAT = dwarf;
				ENABLE_STRICT_OBJC_MSGSEND = YES;
				ENABLE_TESTABILITY = YES;
				GCC_C_LANGUAGE_STANDARD = gnu11;
				GCC_DYNAMIC_NO_PIC = NO;
				GCC_NO_COMMON_BLOCKS = YES;
				GCC_OPTIMIZATION_LEVEL = 0;
				GCC_PREPROCESSOR_DEFINITIONS = (
					"DEBUG=1",
					"$(inherited)",
				);
				GCC_WARN_64_TO_32_BIT_CONVERSION = YES;
				GCC_WARN_ABOUT_RETURN_TYPE = YES_ERROR;
				GCC_WARN_UNDECLARED_SELECTOR = YES;
				GCC_WARN_UNINITIALIZED_AUTOS = YES_AGGRESSIVE;
				GCC_WARN_UNUSED_FUNCTION = YES;
				GCC_WARN_UNUSED_VARIABLE = YES;
				IPHONEOS_DEPLOYMENT_TARGET = 16.2;
				MTL_ENABLE_DEBUG_INFO = INCLUDE_SOURCE;
				MTL_FAST_MATH = YES;
				ONLY_ACTIVE_ARCH = YES;
				SDKROOT = iphoneos;
				SWIFT_ACTIVE_COMPILATION_CONDITIONS = DEBUG;
				SWIFT_OPTIMIZATION_LEVEL = "-Onone";
			};
			name = Debug;
		};
		EE5BB8C529DEBC0A007021FD /* Release */ = {
			isa = XCBuildConfiguration;
			buildSettings = {
				ALWAYS_SEARCH_USER_PATHS = NO;
				CLANG_ANALYZER_NONNULL = YES;
				CLANG_ANALYZER_NUMBER_OBJECT_CONVERSION = YES_AGGRESSIVE;
				CLANG_CXX_LANGUAGE_STANDARD = "gnu++20";
				CLANG_ENABLE_MODULES = YES;
				CLANG_ENABLE_OBJC_ARC = YES;
				CLANG_ENABLE_OBJC_WEAK = YES;
				CLANG_WARN_BLOCK_CAPTURE_AUTORELEASING = YES;
				CLANG_WARN_BOOL_CONVERSION = YES;
				CLANG_WARN_COMMA = YES;
				CLANG_WARN_CONSTANT_CONVERSION = YES;
				CLANG_WARN_DEPRECATED_OBJC_IMPLEMENTATIONS = YES;
				CLANG_WARN_DIRECT_OBJC_ISA_USAGE = YES_ERROR;
				CLANG_WARN_DOCUMENTATION_COMMENTS = YES;
				CLANG_WARN_EMPTY_BODY = YES;
				CLANG_WARN_ENUM_CONVERSION = YES;
				CLANG_WARN_INFINITE_RECURSION = YES;
				CLANG_WARN_INT_CONVERSION = YES;
				CLANG_WARN_NON_LITERAL_NULL_CONVERSION = YES;
				CLANG_WARN_OBJC_IMPLICIT_RETAIN_SELF = YES;
				CLANG_WARN_OBJC_LITERAL_CONVERSION = YES;
				CLANG_WARN_OBJC_ROOT_CLASS = YES_ERROR;
				CLANG_WARN_QUOTED_INCLUDE_IN_FRAMEWORK_HEADER = YES;
				CLANG_WARN_RANGE_LOOP_ANALYSIS = YES;
				CLANG_WARN_STRICT_PROTOTYPES = YES;
				CLANG_WARN_SUSPICIOUS_MOVE = YES;
				CLANG_WARN_UNGUARDED_AVAILABILITY = YES_AGGRESSIVE;
				CLANG_WARN_UNREACHABLE_CODE = YES;
				CLANG_WARN__DUPLICATE_METHOD_MATCH = YES;
				COPY_PHASE_STRIP = NO;
				DEBUG_INFORMATION_FORMAT = "dwarf-with-dsym";
				ENABLE_NS_ASSERTIONS = NO;
				ENABLE_STRICT_OBJC_MSGSEND = YES;
				GCC_C_LANGUAGE_STANDARD = gnu11;
				GCC_NO_COMMON_BLOCKS = YES;
				GCC_WARN_64_TO_32_BIT_CONVERSION = YES;
				GCC_WARN_ABOUT_RETURN_TYPE = YES_ERROR;
				GCC_WARN_UNDECLARED_SELECTOR = YES;
				GCC_WARN_UNINITIALIZED_AUTOS = YES_AGGRESSIVE;
				GCC_WARN_UNUSED_FUNCTION = YES;
				GCC_WARN_UNUSED_VARIABLE = YES;
				IPHONEOS_DEPLOYMENT_TARGET = 16.2;
				MTL_ENABLE_DEBUG_INFO = NO;
				MTL_FAST_MATH = YES;
				SDKROOT = iphoneos;
				SWIFT_COMPILATION_MODE = wholemodule;
				SWIFT_OPTIMIZATION_LEVEL = "-O";
				VALIDATE_PRODUCT = YES;
			};
			name = Release;
		};
		EE5BB8C729DEBC0A007021FD /* Debug */ = {
			isa = XCBuildConfiguration;
			buildSettings = {
				ASSETCATALOG_COMPILER_APPICON_NAME = AppIcon;
				ASSETCATALOG_COMPILER_GLOBAL_ACCENT_COLOR_NAME = AccentColor;
				CODE_SIGN_STYLE = Automatic;
				CURRENT_PROJECT_VERSION = 1;
				DEVELOPMENT_ASSET_PATHS = "\"AGuRatKuNa/Preview Content\"";
				DEVELOPMENT_TEAM = 47N48U5HD5;
				ENABLE_PREVIEWS = YES;
				GENERATE_INFOPLIST_FILE = YES;
				INFOPLIST_KEY_UIApplicationSceneManifest_Generation = YES;
				INFOPLIST_KEY_UIApplicationSupportsIndirectInputEvents = YES;
				INFOPLIST_KEY_UILaunchScreen_Generation = YES;
				INFOPLIST_KEY_UISupportedInterfaceOrientations_iPad = "UIInterfaceOrientationPortrait UIInterfaceOrientationPortraitUpsideDown UIInterfaceOrientationLandscapeLeft UIInterfaceOrientationLandscapeRight";
				INFOPLIST_KEY_UISupportedInterfaceOrientations_iPhone = "UIInterfaceOrientationPortrait UIInterfaceOrientationLandscapeLeft UIInterfaceOrientationLandscapeRight";
				LD_RUNPATH_SEARCH_PATHS = (
					"$(inherited)",
					"@executable_path/Frameworks",
				);
				MARKETING_VERSION = 1.0;
				PRODUCT_BUNDLE_IDENTIFIER = xnoag.AGuRatKuNa;
				PRODUCT_NAME = "$(TARGET_NAME)";
				SWIFT_EMIT_LOC_STRINGS = YES;
				SWIFT_VERSION = 5.0;
				TARGETED_DEVICE_FAMILY = "1,2";
			};
			name = Debug;
		};
		EE5BB8C829DEBC0A007021FD /* Release */ = {
			isa = XCBuildConfiguration;
			buildSettings = {
				ASSETCATALOG_COMPILER_APPICON_NAME = AppIcon;
				ASSETCATALOG_COMPILER_GLOBAL_ACCENT_COLOR_NAME = AccentColor;
				CODE_SIGN_STYLE = Automatic;
				CURRENT_PROJECT_VERSION = 1;
				DEVELOPMENT_ASSET_PATHS = "\"AGuRatKuNa/Preview Content\"";
				DEVELOPMENT_TEAM = 47N48U5HD5;
				ENABLE_PREVIEWS = YES;
				GENERATE_INFOPLIST_FILE = YES;
				INFOPLIST_KEY_UIApplicationSceneManifest_Generation = YES;
				INFOPLIST_KEY_UIApplicationSupportsIndirectInputEvents = YES;
				INFOPLIST_KEY_UILaunchScreen_Generation = YES;
				INFOPLIST_KEY_UISupportedInterfaceOrientations_iPad = "UIInterfaceOrientationPortrait UIInterfaceOrientationPortraitUpsideDown UIInterfaceOrientationLandscapeLeft UIInterfaceOrientationLandscapeRight";
				INFOPLIST_KEY_UISupportedInterfaceOrientations_iPhone = "UIInterfaceOrientationPortrait UIInterfaceOrientationLandscapeLeft UIInterfaceOrientationLandscapeRight";
				LD_RUNPATH_SEARCH_PATHS = (
					"$(inherited)",
					"@executable_path/Frameworks",
				);
				MARKETING_VERSION = 1.0;
				PRODUCT_BUNDLE_IDENTIFIER = xnoag.AGuRatKuNa;
				PRODUCT_NAME = "$(TARGET_NAME)";
				SWIFT_EMIT_LOC_STRINGS = YES;
				SWIFT_VERSION = 5.0;
				TARGETED_DEVICE_FAMILY = "1,2";
			};
			name = Release;
		};
/* End XCBuildConfiguration section */

/* Begin XCConfigurationList section */
		EE5BB8B329DEBC09007021FD /* Build configuration list for PBXProject "AGuRatKuNa" */ = {
			isa = XCConfigurationList;
			buildConfigurations = (
				EE5BB8C429DEBC0A007021FD /* Debug */,
				EE5BB8C529DEBC0A007021FD /* Release */,
			);
			defaultConfigurationIsVisible = 0;
			defaultConfigurationName = Release;
		};
		EE5BB8C629DEBC0A007021FD /* Build configuration list for PBXNativeTarget "AGuRatKuNa" */ = {
			isa = XCConfigurationList;
			buildConfigurations = (
				EE5BB8C729DEBC0A007021FD /* Debug */,
				EE5BB8C829DEBC0A007021FD /* Release */,
			);
			defaultConfigurationIsVisible = 0;
			defaultConfigurationName = Release;
		};
/* End XCConfigurationList section */
	};
	rootObject = EE5BB8B029DEBC09007021FD /* Project object */;
}
